
Microsoft Visual Studio Solution File, Format Version 12.00
# Visual Studio 15
VisualStudioVersion = 15.0.27130.2026
MinimumVisualStudioVersion = 10.0.40219.1
Project("{FAE04EC0-301F-11D3-BF4B-00C04F79EFBC}") = "MiniORM", "MiniORM\MiniORM.csproj", "{3901CD89-8457-43A6-BE99-F3AD90E77D11}"
EndProject
Project("{FAE04EC0-301F-11D3-BF4B-00C04F79EFBC}") = "MiniORM.Test", "MiniORM.Test\MiniORM.Test.csproj", "{8E5AE7A6-8F9D-4DB8-8729-9B27C109B4CB}"
EndProject
Global
	GlobalSection(SolutionConfigurationPlatforms) = preSolution
		Debug|Any CPU = Debug|Any CPU
		Release|Any CPU = Release|Any CPU
	EndGlobalSection
	GlobalSection(ProjectConfigurationPlatforms) = postSolution
		{3901CD89-8457-43A6-BE99-F3AD90E77D11}.Debug|Any CPU.ActiveCfg = Debug|Any CPU
		{3901CD89-8457-43A6-BE99-F3AD90E77D11}.Debug|Any CPU.Build.0 = Debug|Any CPU
		{3901CD89-8457-43A6-BE99-F3AD90E77D11}.Release|Any CPU.ActiveCfg = Release|Any CPU
		{3901CD89-8457-43A6-BE99-F3AD90E77D11}.Release|Any CPU.Build.0 = Release|Any CPU
		{8E5AE7A6-8F9D-4DB8-8729-9B27C109B4CB}.Debug|Any CPU.ActiveCfg = Debug|Any CPU
		{8E5AE7A6-8F9D-4DB8-8729-9B27C109B4CB}.Debug|Any CPU.Build.0 = Debug|Any CPU
		{8E5AE7A6-8F9D-4DB8-8729-9B27C109B4CB}.Release|Any CPU.ActiveCfg = Release|Any CPU
		{8E5AE7A6-8F9D-4DB8-8729-9B27C109B4CB}.Release|Any CPU.Build.0 = Release|Any CPU
	EndGlobalSection
	GlobalSection(SolutionProperties) = preSolution
		HideSolutionNode = FALSE
	EndGlobalSection
	GlobalSection(ExtensibilityGlobals) = postSolution
		SolutionGuid = {3570C084-82C6-44E1-9855-D63C5F761CC7}
	EndGlobalSection
EndGlobal
